{
    "name": "lsif",
    "version": "0.1.0",
    "lockfileVersion": 1,
    "requires": true,
    "dependencies": {
        "@types/mocha": {
            "version": "5.2.5",
            "resolved": "https://registry.npmjs.org/@types/mocha/-/mocha-5.2.5.tgz",
            "integrity": "sha512-lAVp+Kj54ui/vLUFxsJTMtWvZraZxum3w3Nwkble2dNuV5VnPA+Mi2oGX9XYJAaIvZi3tn3cbjS/qcJXRb6Bww==",
            "dev": true
        },
        "@types/node": {
            "version": "8.10.29",
            "resolved": "https://registry.npmjs.org/@types/node/-/node-8.10.29.tgz",
            "integrity": "sha512-zbteaWZ2mdduacm0byELwtRyhYE40aK+pAanQk415gr1eRuu67x7QGOLmn8jz5zI8LDK7d0WI/oT6r5Trz4rzQ==",
            "dev": true
        },
        "typescript": {
            "version": "3.3.4000",
            "resolved": "https://registry.npmjs.org/typescript/-/typescript-3.3.4000.tgz",
            "integrity": "sha512-jjOcCZvpkl2+z7JFn0yBOoLQyLoIkNZAs/fYJkUG6VKy6zLPHJGfQJYFHzibB6GJaF/8QrcECtlQ5cpvRHSMEA==",
            "dev": true
        }
    }
}
