{
	"name": "vscode-lsif-win32-x64",
	"version": "0.3.0",
	"lockfileVersion": 1,
	"requires": true,
	"dependencies": {
		"@types/mocha": {
			"version": "5.2.7",
			"resolved": "https://registry.npmjs.org/@types/mocha/-/mocha-5.2.7.tgz",
			"integrity": "sha512-NYrtPht0wGzhwe9+/idPaBB+TqkY9AhTvOLMkThm0IoEfLaiVQZwBwyJ5puCkO3AUCWrmcoePjp2mbFocKy4SQ==",
			"dev": true
		},
		"@types/node": {
			"version": "8.10.46",
			"resolved": "https://registry.npmjs.org/@types/node/-/node-8.10.46.tgz",
			"integrity": "sha512-PfnRbk836fFs9T9QnZh0G1k9oC6YXCqIK3LX6vU/6oiXtEBSFCiJFj6UnLZtqIIHTsgMn8Dojq3yhmpwY7QWcw==",
			"dev": true
		},
		"typescript": {
			"version": "3.5.2",
			"resolved": "https://registry.npmjs.org/typescript/-/typescript-3.5.2.tgz",
			"integrity": "sha512-7KxJovlYhTX5RaRbUdkAXN1KUZ8PwWlTzQdHV6xNqvuFOs7+WBo10TQUqT19Q/Jz2hk5v9TQDIhyLhhJY4p5AA==",
			"dev": true
		}
	}
}
