# THIS IS AN AUTOGENERATED FILE. DO NOT EDIT THIS FILE DIRECTLY.
# yarn lockfile v1


"@types/mocha@^5.2.0":
  version "5.2.6"
  resolved "https://registry.yarnpkg.com/@types/mocha/-/mocha-5.2.6.tgz#b8622d50557dd155e9f2f634b7d68fd38de5e94b"
  integrity sha512-1axi39YdtBI7z957vdqXI4Ac25e7YihYQtJa+Clnxg1zTJEaIRbndt71O3sP4GAMgiAm0pY26/b9BrY4MR/PMw==

"@types/node@^8.0.0":
  version "8.10.46"
  resolved "https://registry.yarnpkg.com/@types/node/-/node-8.10.46.tgz#12161db48a775e8c69c1cfff2be545610381056f"
  integrity sha512-PfnRbk836fFs9T9QnZh0G1k9oC6YXCqIK3LX6vU/6oiXtEBSFCiJFj6UnLZtqIIHTsgMn8Dojq3yhmpwY7QWcw==

typescript@^3.3.4000:
  version "3.4.5"
  resolved "https://registry.yarnpkg.com/typescript/-/typescript-3.4.5.tgz#2d2618d10bb566572b8d7aad5180d84257d70a99"
  integrity sha512-YycBxUb49UUhdNMU5aJ7z5Ej2XGmaIBL0x34vZ82fn3hGvD+bgrMrVDpatgz2f7YxUMJxMkbWxJZeAvDxVe7Vw==
